dependencies:
- name: dapr
  repository: https://dapr.github.io/helm-charts/
  version: 1.15.3
- name: dapr-dashboard
  repository: https://dapr.github.io/helm-charts/
  version: 0.15.0
digest: sha256:e9af82728291516bfc4a5cb7fcacd316f63ddabb99f4accc5209af52beeb623d
generated: "2025-03-17T11:18:17.208172216Z"
